
Microsoft Visual Studio Solution File, Format Version 12.00
# Visual Studio 2017
Project("{FAE04EC0-301F-11D3-BF4B-00C04F79EFBC}") = "escape room tutorial", "escape room tutorial.csproj", "{096C4F95-5BA6-7602-01A3-2D90AD52004C}"
EndProject
Project("{FAE04EC0-301F-11D3-BF4B-00C04F79EFBC}") = "escape room tutorial.Editor", "escape room tutorial.Editor.csproj", "{27D478B4-AB0E-F8DF-7CDA-B7F22B3C4A07}"
EndProject
Global
	GlobalSection(SolutionConfigurationPlatforms) = preSolution
		Debug|Any CPU = Debug|Any CPU
		Release|Any CPU = Release|Any CPU
	EndGlobalSection
	GlobalSection(ProjectConfigurationPlatforms) = postSolution
		{096C4F95-5BA6-7602-01A3-2D90AD52004C}.Debug|Any CPU.ActiveCfg = Debug|Any CPU
		{096C4F95-5BA6-7602-01A3-2D90AD52004C}.Debug|Any CPU.Build.0 = Debug|Any CPU
		{096C4F95-5BA6-7602-01A3-2D90AD52004C}.Release|Any CPU.ActiveCfg = Release|Any CPU
		{096C4F95-5BA6-7602-01A3-2D90AD52004C}.Release|Any CPU.Build.0 = Release|Any CPU
		{27D478B4-AB0E-F8DF-7CDA-B7F22B3C4A07}.Debug|Any CPU.ActiveCfg = Debug|Any CPU
		{27D478B4-AB0E-F8DF-7CDA-B7F22B3C4A07}.Debug|Any CPU.Build.0 = Debug|Any CPU
		{27D478B4-AB0E-F8DF-7CDA-B7F22B3C4A07}.Release|Any CPU.ActiveCfg = Release|Any CPU
		{27D478B4-AB0E-F8DF-7CDA-B7F22B3C4A07}.Release|Any CPU.Build.0 = Release|Any CPU
	EndGlobalSection
	GlobalSection(SolutionProperties) = preSolution
		HideSolutionNode = FALSE
	EndGlobalSection
EndGlobal
